
Microsoft Visual Studio Solution File, Format Version 12.00
# Visual Studio 15
Project("{FAE04EC0-301F-11D3-BF4B-00C04F79EFBC}") = "IssueTracker", "IssueTracker\IssueTracker.csproj", "{0225E937-FDEE-478E-9545-33ADF8923520}"
EndProject
Global
	GlobalSection(SolutionConfigurationPlatforms) = preSolution
		Debug|Any CPU = Debug|Any CPU
		Release|Any CPU = Release|Any CPU
	EndGlobalSection
	GlobalSection(ProjectConfigurationPlatforms) = postSolution
		{0225E937-FDEE-478E-9545-33ADF8923520}.Debug|Any CPU.ActiveCfg = Debug|Any CPU
		{0225E937-FDEE-478E-9545-33ADF8923520}.Debug|Any CPU.Build.0 = Debug|Any CPU
		{0225E937-FDEE-478E-9545-33ADF8923520}.Release|Any CPU.ActiveCfg = Release|Any CPU
		{0225E937-FDEE-478E-9545-33ADF8923520}.Release|Any CPU.Build.0 = Release|Any CPU
	EndGlobalSection
EndGlobal
